
Microsoft Visual Studio Solution File, Format Version 12.00
# Visual Studio Express 2013 for Web
VisualStudioVersion = 12.0.31101.0
MinimumVisualStudioVersion = 10.0.40219.1
Project("{2150E333-8FDC-42A3-9474-1A3956D46DE8}") = "Scripts", "Scripts", "{D7F71C7F-F95F-4C2D-B303-9B3376B097C6}"
	ProjectSection(SolutionItems) = preProject
		LICENSE = LICENSE
		README.md = README.md
	EndProjectSection
EndProject
Project("{2150E333-8FDC-42A3-9474-1A3956D46DE8}") = "Grid", "Grid", "{33EA9442-7D5F-4386-B816-3E273D8C6EE5}"
	ProjectSection(SolutionItems) = preProject
		Scripts\Grid\bootstrapGrid.js = Scripts\Grid\bootstrapGrid.js
	EndProjectSection
EndProject
Project("{2150E333-8FDC-42A3-9474-1A3956D46DE8}") = "ImagePicker", "ImagePicker", "{AB55B878-37FE-4A54-BD36-0CC440980CD8}"
	ProjectSection(SolutionItems) = preProject
		Scripts\ImagePicker\bootstrapImagePicker.js = Scripts\ImagePicker\bootstrapImagePicker.js
	EndProjectSection
EndProject
Project("{FAE04EC0-301F-11D3-BF4B-00C04F79EFBC}") = "SampleWebApp", "Samples\SampleWebApp\SampleWebApp.csproj", "{494FAB6E-309A-4D90-833A-E2B837FF484D}"
EndProject
Project("{2150E333-8FDC-42A3-9474-1A3956D46DE8}") = "DatabaseScript", "DatabaseScript", "{CE45F8AC-63CA-4A33-B679-C1CCEFAFC9CE}"
	ProjectSection(SolutionItems) = preProject
		Fabrics.sql = Fabrics.sql
	EndProjectSection
EndProject
Global
	GlobalSection(SolutionConfigurationPlatforms) = preSolution
		Debug|Any CPU = Debug|Any CPU
		Release|Any CPU = Release|Any CPU
	EndGlobalSection
	GlobalSection(ProjectConfigurationPlatforms) = postSolution
		{494FAB6E-309A-4D90-833A-E2B837FF484D}.Debug|Any CPU.ActiveCfg = Debug|Any CPU
		{494FAB6E-309A-4D90-833A-E2B837FF484D}.Debug|Any CPU.Build.0 = Debug|Any CPU
		{494FAB6E-309A-4D90-833A-E2B837FF484D}.Release|Any CPU.ActiveCfg = Release|Any CPU
		{494FAB6E-309A-4D90-833A-E2B837FF484D}.Release|Any CPU.Build.0 = Release|Any CPU
	EndGlobalSection
	GlobalSection(SolutionProperties) = preSolution
		HideSolutionNode = FALSE
	EndGlobalSection
	GlobalSection(NestedProjects) = preSolution
		{33EA9442-7D5F-4386-B816-3E273D8C6EE5} = {D7F71C7F-F95F-4C2D-B303-9B3376B097C6}
		{AB55B878-37FE-4A54-BD36-0CC440980CD8} = {D7F71C7F-F95F-4C2D-B303-9B3376B097C6}
	EndGlobalSection
EndGlobal
